
Microsoft Visual Studio Solution File, Format Version 12.00
# Visual Studio Version 16
VisualStudioVersion = 16.0.29503.13
MinimumVisualStudioVersion = 10.0.40219.1
Project("{9A19103F-16F7-4668-BE54-9A1E7A4F7556}") = "ShortStackLib", "ShortStackLib\ShortStackLib.csproj", "{45ABEEAB-B3DD-4F04-9797-ED1B3EF5628F}"
EndProject
Project("{9A19103F-16F7-4668-BE54-9A1E7A4F7556}") = "ShortStackLogic", "ShortStackLogic\ShortStackLogic.csproj", "{0F1FCA04-A6D7-4315-B5EE-ED7ACB260AB9}"
EndProject
Global
	GlobalSection(SolutionConfigurationPlatforms) = preSolution
		Debug|Any CPU = Debug|Any CPU
		Release|Any CPU = Release|Any CPU
	EndGlobalSection
	GlobalSection(ProjectConfigurationPlatforms) = postSolution
		{45ABEEAB-B3DD-4F04-9797-ED1B3EF5628F}.Debug|Any CPU.ActiveCfg = Debug|Any CPU
		{45ABEEAB-B3DD-4F04-9797-ED1B3EF5628F}.Debug|Any CPU.Build.0 = Debug|Any CPU
		{45ABEEAB-B3DD-4F04-9797-ED1B3EF5628F}.Release|Any CPU.ActiveCfg = Release|Any CPU
		{45ABEEAB-B3DD-4F04-9797-ED1B3EF5628F}.Release|Any CPU.Build.0 = Release|Any CPU
		{0F1FCA04-A6D7-4315-B5EE-ED7ACB260AB9}.Debug|Any CPU.ActiveCfg = Debug|Any CPU
		{0F1FCA04-A6D7-4315-B5EE-ED7ACB260AB9}.Debug|Any CPU.Build.0 = Debug|Any CPU
		{0F1FCA04-A6D7-4315-B5EE-ED7ACB260AB9}.Release|Any CPU.ActiveCfg = Release|Any CPU
		{0F1FCA04-A6D7-4315-B5EE-ED7ACB260AB9}.Release|Any CPU.Build.0 = Release|Any CPU
	EndGlobalSection
	GlobalSection(SolutionProperties) = preSolution
		HideSolutionNode = FALSE
	EndGlobalSection
	GlobalSection(ExtensibilityGlobals) = postSolution
		SolutionGuid = {7A045903-77FA-4C4E-A392-3E90367CFF88}
	EndGlobalSection
EndGlobal
